Microsoft Visual Studio Solution File, Format Version 12.00
# Visual Studio Version 17
VisualStudioVersion = 17.0.31903.59
MinimumVisualStudioVersion = 10.0.40219.1
Project("{FAE04EC0-301F-11D3-BF4B-00C04F79EFBC}") = "MagicAiApi", "MagicAiApi\MagicAiApi.csproj", "{2FC9A87A-CED4-4C82-ADCD-AC1F611331C9}"
EndProject
Project("{FAE04EC0-301F-11D3-BF4B-00C04F79EFBC}") = "MagicAiNode", "MagicAiNode\MagicAiNode.csproj", "{CCD37535-D1DF-40DA-A228-4964B42A2640}"
EndProject
Project("{FAE04EC0-301F-11D3-BF4B-00C04F79EFBC}") = "SharedMagic", "SharedMagic\SharedMagic.csproj", "{E5FDC0F0-8EE0-4A9C-BDA8-5F31D87059E2}"
EndProject
Project("{FAE04EC0-301F-11D3-BF4B-00C04F79EFBC}") = "SharedMagic.Tests", "SharedMagic.Tests\SharedMagic.Tests.csproj", "{428E0F72-1419-40C8-AED4-4D418431EBC9}"
EndProject
Project("{FAE04EC0-301F-11D3-BF4B-00C04F79EFBC}") = "MagicAiGateway.Client", "MagicAiGateway.Client\MagicAiGateway.Client.csproj", "{E255A156-1A1E-4BBD-B4EC-13D99219570D}"
EndProject
Project("{FAE04EC0-301F-11D3-BF4B-00C04F79EFBC}") = "MagicAiGateway.Client.Tests", "MagicAiGateway.Client.Tests\MagicAiGateway.Client.Tests.csproj", "{6F04B611-6D4A-47BD-A29E-A88DF03F1878}"
EndProject
Project("{FAE04EC0-301F-11D3-BF4B-00C04F79EFBC}") = "MagicAiGateway.Protocol", "MagicAiGateway.Protocol\MagicAiGateway.Protocol.csproj", "{8D10DF03-50EC-4719-A418-9EBB1334D971}"
EndProject
Project("{FAE04EC0-301F-11D3-BF4B-00C04F79EFBC}") = "MagicAiGateway.MCP", "MagicAiGateway.MCP\MagicAiGateway.MCP.csproj", "{87D747CB-A188-4F5D-A133-AD5286734ABE}"
EndProject
Project("{FAE04EC0-301F-11D3-BF4B-00C04F79EFBC}") = "MagicAiGateway.MCP.Package.Template", "MagicAiGateway.MCP.Package.Template\MagicAiGateway.MCP.Package.Template.csproj", "{E3F83537-ECD6-422D-868E-9F8EF37BC543}"
EndProject
Project("{FAE04EC0-301F-11D3-BF4B-00C04F79EFBC}") = "MagicAiGateway.MCP.Package", "MagicAiGateway.MCP.Package\MagicAiGateway.MCP.Package.csproj", "{012A6C0F-7F77-4B3D-8D85-9A751457B3A8}"
EndProject
Project("{FAE04EC0-301F-11D3-BF4B-00C04F79EFBC}") = "MagicAiGateway.MCP.Package.Generators", "MagicAiGateway.MCP.Package.Generators\MagicAiGateway.MCP.Package.Generators.csproj", "{A13C0BD2-4ACB-4BF7-94F4-403B7B18EEA2}"
EndProject
Global
    GlobalSection(SolutionConfigurationPlatforms) = preSolution
        Debug|Any CPU = Debug|Any CPU
        Release|Any CPU = Release|Any CPU
    EndGlobalSection
    GlobalSection(ProjectConfigurationPlatforms) = postSolution
        {2FC9A87A-CED4-4C82-ADCD-AC1F611331C9}.Debug|Any CPU.ActiveCfg = Debug|Any CPU
        {2FC9A87A-CED4-4C82-ADCD-AC1F611331C9}.Debug|Any CPU.Build.0 = Debug|Any CPU
        {2FC9A87A-CED4-4C82-ADCD-AC1F611331C9}.Release|Any CPU.ActiveCfg = Release|Any CPU
        {2FC9A87A-CED4-4C82-ADCD-AC1F611331C9}.Release|Any CPU.Build.0 = Release|Any CPU
        {CCD37535-D1DF-40DA-A228-4964B42A2640}.Debug|Any CPU.ActiveCfg = Debug|Any CPU
        {CCD37535-D1DF-40DA-A228-4964B42A2640}.Debug|Any CPU.Build.0 = Debug|Any CPU
        {CCD37535-D1DF-40DA-A228-4964B42A2640}.Release|Any CPU.ActiveCfg = Release|Any CPU
        {CCD37535-D1DF-40DA-A228-4964B42A2640}.Release|Any CPU.Build.0 = Release|Any CPU
        {E5FDC0F0-8EE0-4A9C-BDA8-5F31D87059E2}.Debug|Any CPU.ActiveCfg = Debug|Any CPU
        {E5FDC0F0-8EE0-4A9C-BDA8-5F31D87059E2}.Debug|Any CPU.Build.0 = Debug|Any CPU
        {E5FDC0F0-8EE0-4A9C-BDA8-5F31D87059E2}.Release|Any CPU.ActiveCfg = Release|Any CPU
        {E5FDC0F0-8EE0-4A9C-BDA8-5F31D87059E2}.Release|Any CPU.Build.0 = Release|Any CPU
        {428E0F72-1419-40C8-AED4-4D418431EBC9}.Debug|Any CPU.ActiveCfg = Debug|Any CPU
        {428E0F72-1419-40C8-AED4-4D418431EBC9}.Debug|Any CPU.Build.0 = Debug|Any CPU
        {428E0F72-1419-40C8-AED4-4D418431EBC9}.Release|Any CPU.ActiveCfg = Release|Any CPU
        {428E0F72-1419-40C8-AED4-4D418431EBC9}.Release|Any CPU.Build.0 = Release|Any CPU
        {E255A156-1A1E-4BBD-B4EC-13D99219570D}.Debug|Any CPU.ActiveCfg = Debug|Any CPU
        {E255A156-1A1E-4BBD-B4EC-13D99219570D}.Debug|Any CPU.Build.0 = Debug|Any CPU
        {E255A156-1A1E-4BBD-B4EC-13D99219570D}.Release|Any CPU.ActiveCfg = Release|Any CPU
        {E255A156-1A1E-4BBD-B4EC-13D99219570D}.Release|Any CPU.Build.0 = Release|Any CPU
        {6F04B611-6D4A-47BD-A29E-A88DF03F1878}.Debug|Any CPU.ActiveCfg = Debug|Any CPU
        {6F04B611-6D4A-47BD-A29E-A88DF03F1878}.Debug|Any CPU.Build.0 = Debug|Any CPU
        {6F04B611-6D4A-47BD-A29E-A88DF03F1878}.Release|Any CPU.ActiveCfg = Release|Any CPU
        {6F04B611-6D4A-47BD-A29E-A88DF03F1878}.Release|Any CPU.Build.0 = Release|Any CPU
        {8D10DF03-50EC-4719-A418-9EBB1334D971}.Debug|Any CPU.ActiveCfg = Debug|Any CPU
        {8D10DF03-50EC-4719-A418-9EBB1334D971}.Debug|Any CPU.Build.0 = Debug|Any CPU
        {8D10DF03-50EC-4719-A418-9EBB1334D971}.Release|Any CPU.ActiveCfg = Release|Any CPU
        {8D10DF03-50EC-4719-A418-9EBB1334D971}.Release|Any CPU.Build.0 = Release|Any CPU
        {87D747CB-A188-4F5D-A133-AD5286734ABE}.Debug|Any CPU.ActiveCfg = Debug|Any CPU
        {87D747CB-A188-4F5D-A133-AD5286734ABE}.Debug|Any CPU.Build.0 = Debug|Any CPU
        {87D747CB-A188-4F5D-A133-AD5286734ABE}.Release|Any CPU.ActiveCfg = Release|Any CPU
        {87D747CB-A188-4F5D-A133-AD5286734ABE}.Release|Any CPU.Build.0 = Release|Any CPU
        {E3F83537-ECD6-422D-868E-9F8EF37BC543}.Debug|Any CPU.ActiveCfg = Debug|Any CPU
        {E3F83537-ECD6-422D-868E-9F8EF37BC543}.Debug|Any CPU.Build.0 = Debug|Any CPU
        {E3F83537-ECD6-422D-868E-9F8EF37BC543}.Release|Any CPU.ActiveCfg = Release|Any CPU
        {E3F83537-ECD6-422D-868E-9F8EF37BC543}.Release|Any CPU.Build.0 = Release|Any CPU
        {012A6C0F-7F77-4B3D-8D85-9A751457B3A8}.Debug|Any CPU.ActiveCfg = Debug|Any CPU
        {012A6C0F-7F77-4B3D-8D85-9A751457B3A8}.Debug|Any CPU.Build.0 = Debug|Any CPU
        {012A6C0F-7F77-4B3D-8D85-9A751457B3A8}.Release|Any CPU.ActiveCfg = Release|Any CPU
        {012A6C0F-7F77-4B3D-8D85-9A751457B3A8}.Release|Any CPU.Build.0 = Release|Any CPU
        {A13C0BD2-4ACB-4BF7-94F4-403B7B18EEA2}.Debug|Any CPU.ActiveCfg = Debug|Any CPU
        {A13C0BD2-4ACB-4BF7-94F4-403B7B18EEA2}.Debug|Any CPU.Build.0 = Debug|Any CPU
        {A13C0BD2-4ACB-4BF7-94F4-403B7B18EEA2}.Release|Any CPU.ActiveCfg = Release|Any CPU
        {A13C0BD2-4ACB-4BF7-94F4-403B7B18EEA2}.Release|Any CPU.Build.0 = Release|Any CPU
    EndGlobalSection
EndGlobal
